
Microsoft Visual Studio Solution File, Format Version 12.00
# Visual Studio Version 17
VisualStudioVersion = 17.5.33502.453
MinimumVisualStudioVersion = 10.0.40219.1
Project("{FAE04EC0-301F-11D3-BF4B-00C04F79EFBC}") = "JsonQuestion2", "JsonQuestion2\JsonQuestion2.csproj", "{56326BC3-9B91-4B35-915D-79CFEA5EA746}"
EndProject
Global
	GlobalSection(SolutionConfigurationPlatforms) = preSolution
		Debug|Any CPU = Debug|Any CPU
		Release|Any CPU = Release|Any CPU
	EndGlobalSection
	GlobalSection(ProjectConfigurationPlatforms) = postSolution
		{56326BC3-9B91-4B35-915D-79CFEA5EA746}.Debug|Any CPU.ActiveCfg = Debug|Any CPU
		{56326BC3-9B91-4B35-915D-79CFEA5EA746}.Debug|Any CPU.Build.0 = Debug|Any CPU
		{56326BC3-9B91-4B35-915D-79CFEA5EA746}.Release|Any CPU.ActiveCfg = Release|Any CPU
		{56326BC3-9B91-4B35-915D-79CFEA5EA746}.Release|Any CPU.Build.0 = Release|Any CPU
	EndGlobalSection
	GlobalSection(SolutionProperties) = preSolution
		HideSolutionNode = FALSE
	EndGlobalSection
	GlobalSection(ExtensibilityGlobals) = postSolution
		SolutionGuid = {B0C57A42-C469-4F7B-B7D5-3D5AA84498DB}
	EndGlobalSection
EndGlobal
